// !$*UTF8*$!
{
	archiveVersion = 1;
	classes = {
	};
	objectVersion = 46;
	objects = {

/* Begin PBXAggregateTarget section */
		E799AD0B1A95478592EFDE97 /* ALL_BUILD */ = {
			isa = PBXAggregateTarget;
			buildConfigurationList = 01504009488145A0B2ABFCDD /* Build configuration list for PBXAggregateTarget "ALL_BUILD" */;
			buildPhases = (
				85425ABE6BFC49AB9BF3FB1E /* CMake Rules */,
			);
			dependencies = (
				73C3B517B3BF44EEBB839660 /* PBXTargetDependency */,
				20471484302A43AC94199E5B /* PBXTargetDependency */,
			);
			name = ALL_BUILD;
			productName = ALL_BUILD;
		};
		F70D9EDD023843D69ED1CD8A /* ZERO_CHECK */ = {
			isa = PBXAggregateTarget;
			buildConfigurationList = 6BB3979C44734CAC8B845775 /* Build configuration list for PBXAggregateTarget "ZERO_CHECK" */;
			buildPhases = (
				CDCA26D22327408CBAB05DE9 /* CMake Rules */,
			);
			dependencies = (
			);
			name = ZERO_CHECK;
			productName = ZERO_CHECK;
		};
/* End PBXAggregateTarget section */

/* Begin PBXBuildFile section */
		0C9AB026AC524240B313CAC8 /* /Users/nikhilkharwandikar/Self Driving Car Codebase/term2/CarND-MPC-Project-master/src/MPC.cpp */ = {isa = PBXBuildFile; fileRef = 1E79A16566C648B5B8882FCB /* /Users/nikhilkharwandikar/Self Driving Car Codebase/term2/CarND-MPC-Project-master/src/MPC.cpp */; };
		5FE51F73086E4A7BAB799E69 /* /Users/nikhilkharwandikar/Self Driving Car Codebase/term2/CarND-MPC-Project-master/CMakeLists.txt */ = {isa = PBXBuildFile; fileRef = 50D08B912C8146869FF86D8A /* /Users/nikhilkharwandikar/Self Driving Car Codebase/term2/CarND-MPC-Project-master/CMakeLists.txt */; };
		DB66A5E212B54E2583715613 /* /Users/nikhilkharwandikar/Self Driving Car Codebase/term2/CarND-MPC-Project-master/src/main.cpp */ = {isa = PBXBuildFile; fileRef = 7C5F5F5F7B2D4E16B9FCD203 /* /Users/nikhilkharwandikar/Self Driving Car Codebase/term2/CarND-MPC-Project-master/src/main.cpp */; };
/* End PBXBuildFile section */

/* Begin PBXBuildStyle section */
		4EA1B13987E84ADDA35E014D /* Debug */ = {
			isa = PBXBuildStyle;
			buildSettings = {
				COPY_PHASE_STRIP = NO;
			};
			name = Debug;
		};
		517062BFFA764279B5A74D89 /* RelWithDebInfo */ = {
			isa = PBXBuildStyle;
			buildSettings = {
				COPY_PHASE_STRIP = NO;
			};
			name = RelWithDebInfo;
		};
		528C731C5E35459283FC0B2F /* Release */ = {
			isa = PBXBuildStyle;
			buildSettings = {
				COPY_PHASE_STRIP = NO;
			};
			name = Release;
		};
		C40716408E764FFB92244D69 /* MinSizeRel */ = {
			isa = PBXBuildStyle;
			buildSettings = {
				COPY_PHASE_STRIP = NO;
			};
			name = MinSizeRel;
		};
/* End PBXBuildStyle section */

/* Begin PBXContainerItemProxy section */
		12E352D407904E9BB50D796F /* PBXContainerItemProxy */ = {
			isa = PBXContainerItemProxy;
			containerPortal = 9AF0B086744940C9B23FC098 /* Project object */;
			proxyType = 1;
			remoteGlobalIDString = F70D9EDD023843D69ED1CD8A;
			remoteInfo = ZERO_CHECK;
		};
		137008A9BB2248F49934970C /* PBXContainerItemProxy */ = {
			isa = PBXContainerItemProxy;
			containerPortal = 9AF0B086744940C9B23FC098 /* Project object */;
			proxyType = 1;
			remoteGlobalIDString = 221BA4E489E04152AC610897;
			remoteInfo = mpc;
		};
		31BA091FAD45469BAF63475B /* PBXContainerItemProxy */ = {
			isa = PBXContainerItemProxy;
			containerPortal = 9AF0B086744940C9B23FC098 /* Project object */;
			proxyType = 1;
			remoteGlobalIDString = F70D9EDD023843D69ED1CD8A;
			remoteInfo = ZERO_CHECK;
		};
/* End PBXContainerItemProxy section */

/* Begin PBXFileReference section */
		1E79A16566C648B5B8882FCB /* /Users/nikhilkharwandikar/Self Driving Car Codebase/term2/CarND-MPC-Project-master/src/MPC.cpp */ = {isa = PBXFileReference; explicitFileType = sourcecode.cpp.cpp; fileEncoding = 4; name = MPC.cpp; path = src/MPC.cpp; sourceTree = SOURCE_ROOT; };
		50D08B912C8146869FF86D8A /* /Users/nikhilkharwandikar/Self Driving Car Codebase/term2/CarND-MPC-Project-master/CMakeLists.txt */ = {isa = PBXFileReference; explicitFileType = sourcecode.text; fileEncoding = 4; name = CMakeLists.txt; path = CMakeLists.txt; sourceTree = SOURCE_ROOT; };
		624C0CF291724CEB89B7782B /* mpc */ = {isa = PBXFileReference; explicitFileType = "compiled.mach-o.executable"; path = mpc; sourceTree = BUILT_PRODUCTS_DIR; };
		7C5F5F5F7B2D4E16B9FCD203 /* /Users/nikhilkharwandikar/Self Driving Car Codebase/term2/CarND-MPC-Project-master/src/main.cpp */ = {isa = PBXFileReference; explicitFileType = sourcecode.cpp.cpp; fileEncoding = 4; name = main.cpp; path = src/main.cpp; sourceTree = SOURCE_ROOT; };
		E7BF143E498141CA83C6C0EA /* /Users/nikhilkharwandikar/Self Driving Car Codebase/term2/CarND-MPC-Project-master/CMakeLists.txt */ = {isa = PBXFileReference; explicitFileType = sourcecode.text; fileEncoding = 4; name = CMakeLists.txt; path = CMakeLists.txt; sourceTree = SOURCE_ROOT; };
/* End PBXFileReference section */

/* Begin PBXGroup section */
		0418FFE997214DEEB1C44298 /* ALL_BUILD */ = {
			isa = PBXGroup;
			children = (
				3A0F91B71D5442A0A79A350E /* CMake Rules */,
				E7BF143E498141CA83C6C0EA /* /Users/nikhilkharwandikar/Self Driving Car Codebase/term2/CarND-MPC-Project-master/CMakeLists.txt */,
			);
			name = ALL_BUILD;
			sourceTree = "<group>";
		};
		0E4A64C1345C487092EE2ED4 = {
			isa = PBXGroup;
			children = (
				8CF8857729BF41D390F2E102 /* mpc */,
				0418FFE997214DEEB1C44298 /* ALL_BUILD */,
				2F8ABBCDE512482F96463922 /* Products */,
			);
			sourceTree = "<group>";
		};
		2F8ABBCDE512482F96463922 /* Products */ = {
			isa = PBXGroup;
			children = (
				624C0CF291724CEB89B7782B /* mpc */,
			);
			name = Products;
			sourceTree = "<group>";
		};
		3A0F91B71D5442A0A79A350E /* CMake Rules */ = {
			isa = PBXGroup;
			children = (
			);
			name = "CMake Rules";
			sourceTree = "<group>";
		};
		5B3B683AF4DE49C5BF873CEF /* Source Files */ = {
			isa = PBXGroup;
			children = (
				1E79A16566C648B5B8882FCB /* /Users/nikhilkharwandikar/Self Driving Car Codebase/term2/CarND-MPC-Project-master/src/MPC.cpp */,
				7C5F5F5F7B2D4E16B9FCD203 /* /Users/nikhilkharwandikar/Self Driving Car Codebase/term2/CarND-MPC-Project-master/src/main.cpp */,
			);
			name = "Source Files";
			sourceTree = "<group>";
		};
		8CF8857729BF41D390F2E102 /* mpc */ = {
			isa = PBXGroup;
			children = (
				5B3B683AF4DE49C5BF873CEF /* Source Files */,
				50D08B912C8146869FF86D8A /* /Users/nikhilkharwandikar/Self Driving Car Codebase/term2/CarND-MPC-Project-master/CMakeLists.txt */,
			);
			name = mpc;
			sourceTree = "<group>";
		};
/* End PBXGroup section */

/* Begin PBXNativeTarget section */
		221BA4E489E04152AC610897 /* mpc */ = {
			isa = PBXNativeTarget;
			buildConfigurationList = 426A1CE2A7B04E1AA328795C /* Build configuration list for PBXNativeTarget "mpc" */;
			buildPhases = (
				AFEC3AF55F064DDE983DA321 /* Sources */,
			);
			buildRules = (
			);
			dependencies = (
				8A9D626D07584B1496803E57 /* PBXTargetDependency */,
			);
			name = mpc;
			productName = mpc;
			productReference = 624C0CF291724CEB89B7782B /* mpc */;
			productType = "com.apple.product-type.tool";
		};
/* End PBXNativeTarget section */

/* Begin PBXProject section */
		9AF0B086744940C9B23FC098 /* Project object */ = {
			isa = PBXProject;
			attributes = {
				BuildIndependentTargetsInParallel = YES;
				LastUpgradeCheck = 1000;
			};
			buildConfigurationList = 0206C6C392114E4492A19458 /* Build configuration list for PBXProject "MPC" */;
			buildSettings = {
			};
			buildStyles = (
				4EA1B13987E84ADDA35E014D /* Debug */,
				528C731C5E35459283FC0B2F /* Release */,
				C40716408E764FFB92244D69 /* MinSizeRel */,
				517062BFFA764279B5A74D89 /* RelWithDebInfo */,
			);
			compatibilityVersion = "Xcode 3.2";
			hasScannedForEncodings = 0;
			mainGroup = 0E4A64C1345C487092EE2ED4;
			projectDirPath = ../../;
			projectRoot = "";
			targets = (
				E799AD0B1A95478592EFDE97 /* ALL_BUILD */,
				F70D9EDD023843D69ED1CD8A /* ZERO_CHECK */,
				221BA4E489E04152AC610897 /* mpc */,
			);
		};
/* End PBXProject section */

/* Begin PBXShellScriptBuildPhase section */
		2A52E3F71C7B4619B3CCC5B9 = {
			isa = PBXShellScriptBuildPhase;
			buildActionMask = 2147483647;
			files = (
			);
			inputPaths = (
			);
			outputPaths = (
			);
			runOnlyForDeploymentPostprocessing = 0;
			shellPath = /bin/sh;
			shellScript = "# shell script goes here
exit 0";
			showEnvVarsInLog = 0;
		};
		85425ABE6BFC49AB9BF3FB1E /* CMake Rules */ = {
			isa = PBXShellScriptBuildPhase;
			buildActionMask = 2147483647;
			files = (
			);
			name = "CMake Rules";
			runOnlyForDeploymentPostprocessing = 0;
			shellPath = /bin/sh;
			shellScript = "make -C /Users/nikhilkharwandikar/Self\\ Driving\\ Car\\ Codebase/term2/CarND-MPC-Project-master/ide_profiles/xcode -f /Users/nikhilkharwandikar/Self\\ Driving\\ Car\\ Codebase/term2/CarND-MPC-Project-master/ide_profiles/xcode/CMakeScripts/ALL_BUILD_cmakeRulesBuildPhase.make$CONFIGURATION all";
			showEnvVarsInLog = 0;
		};
		CDCA26D22327408CBAB05DE9 /* CMake Rules */ = {
			isa = PBXShellScriptBuildPhase;
			buildActionMask = 2147483647;
			files = (
			);
			name = "CMake Rules";
			runOnlyForDeploymentPostprocessing = 0;
			shellPath = /bin/sh;
			shellScript = "make -C /Users/nikhilkharwandikar/Self\\ Driving\\ Car\\ Codebase/term2/CarND-MPC-Project-master/ide_profiles/xcode -f /Users/nikhilkharwandikar/Self\\ Driving\\ Car\\ Codebase/term2/CarND-MPC-Project-master/ide_profiles/xcode/CMakeScripts/ZERO_CHECK_cmakeRulesBuildPhase.make$CONFIGURATION all";
			showEnvVarsInLog = 0;
		};
		ECFF4B9863F345FDB9DEEC40 = {
			isa = PBXShellScriptBuildPhase;
			buildActionMask = 2147483647;
			files = (
			);
			inputPaths = (
			);
			outputPaths = (
			);
			runOnlyForDeploymentPostprocessing = 0;
			shellPath = /bin/sh;
			shellScript = "# shell script goes here
exit 0";
			showEnvVarsInLog = 0;
		};
/* End PBXShellScriptBuildPhase section */

/* Begin PBXSourcesBuildPhase section */
		AFEC3AF55F064DDE983DA321 /* Sources */ = {
			isa = PBXSourcesBuildPhase;
			buildActionMask = 2147483647;
			files = (
				0C9AB026AC524240B313CAC8 /* /Users/nikhilkharwandikar/Self Driving Car Codebase/term2/CarND-MPC-Project-master/src/MPC.cpp */,
				DB66A5E212B54E2583715613 /* /Users/nikhilkharwandikar/Self Driving Car Codebase/term2/CarND-MPC-Project-master/src/main.cpp */,
			);
			runOnlyForDeploymentPostprocessing = 0;
		};
/* End PBXSourcesBuildPhase section */

/* Begin PBXTargetDependency section */
		20471484302A43AC94199E5B /* PBXTargetDependency */ = {
			isa = PBXTargetDependency;
			target = 221BA4E489E04152AC610897 /* mpc */;
			targetProxy = 137008A9BB2248F49934970C /* PBXContainerItemProxy */;
		};
		73C3B517B3BF44EEBB839660 /* PBXTargetDependency */ = {
			isa = PBXTargetDependency;
			target = F70D9EDD023843D69ED1CD8A /* ZERO_CHECK */;
			targetProxy = 12E352D407904E9BB50D796F /* PBXContainerItemProxy */;
		};
		8A9D626D07584B1496803E57 /* PBXTargetDependency */ = {
			isa = PBXTargetDependency;
			target = F70D9EDD023843D69ED1CD8A /* ZERO_CHECK */;
			targetProxy = 31BA091FAD45469BAF63475B /* PBXContainerItemProxy */;
		};
/* End PBXTargetDependency section */

/* Begin XCBuildConfiguration section */
		30E8E817773A4AB69D111F03 /* Release */ = {
			isa = XCBuildConfiguration;
			buildSettings = {
				COMBINE_HIDPI_IMAGES = YES;
				GCC_GENERATE_DEBUGGING_SYMBOLS = YES;
				GCC_INLINES_ARE_PRIVATE_EXTERN = NO;
				GCC_OPTIMIZATION_LEVEL = 0;
				GCC_PREPROCESSOR_DEFINITIONS = ("'CMAKE_INTDIR=\"$(CONFIGURATION)$(EFFECTIVE_PLATFORM_NAME)\"'");
				GCC_SYMBOLS_PRIVATE_EXTERN = NO;
				INSTALL_PATH = "";
				OTHER_LDFLAGS = " ";
				OTHER_REZFLAGS = "";
				PRODUCT_NAME = ZERO_CHECK;
				SECTORDER_FLAGS = "";
				SYMROOT = "/Users/nikhilkharwandikar/Self Driving Car Codebase/term2/CarND-MPC-Project-master/ide_profiles/xcode";
				USE_HEADERMAP = NO;
				WARNING_CFLAGS = ("-Wmost","-Wno-four-char-constants","-Wno-unknown-pragmas","$(inherited)");
			};
			name = Release;
		};
		3114243B1A7E4EECA1BA93B2 /* Release */ = {
			isa = XCBuildConfiguration;
			buildSettings = {
				MACOSX_DEPLOYMENT_TARGET = 10.13;
				ONLY_ACTIVE_ARCH = YES;
				SDKROOT = /Applications/Xcode.app/Contents/Developer/Platforms/MacOSX.platform/Developer/SDKs/MacOSX10.14.sdk;
				SYMROOT = "/Users/nikhilkharwandikar/Self Driving Car Codebase/term2/CarND-MPC-Project-master/ide_profiles/xcode/build";
			};
			name = Release;
		};
		4B6460EAE291490AB6FE0928 /* MinSizeRel */ = {
			isa = XCBuildConfiguration;
			buildSettings = {
				COMBINE_HIDPI_IMAGES = YES;
				GCC_GENERATE_DEBUGGING_SYMBOLS = YES;
				GCC_INLINES_ARE_PRIVATE_EXTERN = NO;
				GCC_OPTIMIZATION_LEVEL = 0;
				GCC_PREPROCESSOR_DEFINITIONS = ("'CMAKE_INTDIR=\"$(CONFIGURATION)$(EFFECTIVE_PLATFORM_NAME)\"'");
				GCC_SYMBOLS_PRIVATE_EXTERN = NO;
				INSTALL_PATH = "";
				OTHER_LDFLAGS = " ";
				OTHER_REZFLAGS = "";
				PRODUCT_NAME = ZERO_CHECK;
				SECTORDER_FLAGS = "";
				SYMROOT = "/Users/nikhilkharwandikar/Self Driving Car Codebase/term2/CarND-MPC-Project-master/ide_profiles/xcode";
				USE_HEADERMAP = NO;
				WARNING_CFLAGS = ("-Wmost","-Wno-four-char-constants","-Wno-unknown-pragmas","$(inherited)");
			};
			name = MinSizeRel;
		};
		4CF7F57D9E5242948E4F5B7D /* MinSizeRel */ = {
			isa = XCBuildConfiguration;
			buildSettings = {
				COMBINE_HIDPI_IMAGES = YES;
				GCC_GENERATE_DEBUGGING_SYMBOLS = YES;
				GCC_INLINES_ARE_PRIVATE_EXTERN = NO;
				GCC_OPTIMIZATION_LEVEL = 0;
				GCC_PREPROCESSOR_DEFINITIONS = ("'CMAKE_INTDIR=\"$(CONFIGURATION)$(EFFECTIVE_PLATFORM_NAME)\"'");
				GCC_SYMBOLS_PRIVATE_EXTERN = NO;
				INSTALL_PATH = "";
				OTHER_LDFLAGS = " ";
				OTHER_REZFLAGS = "";
				PRODUCT_NAME = ALL_BUILD;
				SECTORDER_FLAGS = "";
				SYMROOT = "/Users/nikhilkharwandikar/Self Driving Car Codebase/term2/CarND-MPC-Project-master/ide_profiles/xcode";
				USE_HEADERMAP = NO;
				WARNING_CFLAGS = ("-Wmost","-Wno-four-char-constants","-Wno-unknown-pragmas","$(inherited)");
			};
			name = MinSizeRel;
		};
		6B2E7B3EFE304C3F9978B4DF /* Release */ = {
			isa = XCBuildConfiguration;
			buildSettings = {
				COMBINE_HIDPI_IMAGES = YES;
				GCC_GENERATE_DEBUGGING_SYMBOLS = YES;
				GCC_INLINES_ARE_PRIVATE_EXTERN = NO;
				GCC_OPTIMIZATION_LEVEL = 0;
				GCC_PREPROCESSOR_DEFINITIONS = ("'CMAKE_INTDIR=\"$(CONFIGURATION)$(EFFECTIVE_PLATFORM_NAME)\"'");
				GCC_SYMBOLS_PRIVATE_EXTERN = NO;
				INSTALL_PATH = "";
				OTHER_LDFLAGS = " ";
				OTHER_REZFLAGS = "";
				PRODUCT_NAME = ALL_BUILD;
				SECTORDER_FLAGS = "";
				SYMROOT = "/Users/nikhilkharwandikar/Self Driving Car Codebase/term2/CarND-MPC-Project-master/ide_profiles/xcode";
				USE_HEADERMAP = NO;
				WARNING_CFLAGS = ("-Wmost","-Wno-four-char-constants","-Wno-unknown-pragmas","$(inherited)");
			};
			name = Release;
		};
		844E50D9AC6B4CB4AB67AB6C /* RelWithDebInfo */ = {
			isa = XCBuildConfiguration;
			buildSettings = {
				COMBINE_HIDPI_IMAGES = YES;
				EXECUTABLE_PREFIX = "";
				EXECUTABLE_SUFFIX = "";
				GCC_GENERATE_DEBUGGING_SYMBOLS = YES;
				GCC_INLINES_ARE_PRIVATE_EXTERN = NO;
				GCC_OPTIMIZATION_LEVEL = 2;
				GCC_PREPROCESSOR_DEFINITIONS = ("'CMAKE_INTDIR=\"$(CONFIGURATION)$(EFFECTIVE_PLATFORM_NAME)\"'");
				GCC_SYMBOLS_PRIVATE_EXTERN = NO;
				HEADER_SEARCH_PATHS = (/usr/local/include,"\"/Users/nikhilkharwandikar/Self Driving Car Codebase/term2/CarND-MPC-Project-master/src/Eigen-3.3\"",/usr/local/opt/openssl/include);
				INSTALL_PATH = "";
				LD_RUNPATH_SEARCH_PATHS = "/usr/local/lib /usr/local/opt/openssl/lib /usr/local/Cellar/libuv/1*/lib";
				LIBRARY_SEARCH_PATHS = " /usr/local/lib/$(CONFIGURATION)$(EFFECTIVE_PLATFORM_NAME) /usr/local/lib /usr/local/opt/openssl/lib/$(CONFIGURATION)$(EFFECTIVE_PLATFORM_NAME) /usr/local/opt/openssl/lib /usr/local/Cellar/libuv/1*/lib/$(CONFIGURATION)$(EFFECTIVE_PLATFORM_NAME) /usr/local/Cellar/libuv/1*/lib";
				OTHER_CPLUSPLUSFLAGS = "-Wall        -DNDEBUG   -std=c++11 -O3";
				OTHER_LDFLAGS = " -Wl,-search_paths_first -Wl,-headerpad_max_install_names  -lipopt -lz -lssl -luv -luWS";
				OTHER_REZFLAGS = "";
				PRODUCT_NAME = mpc;
				SECTORDER_FLAGS = "";
				SYMROOT = "/Users/nikhilkharwandikar/Self Driving Car Codebase/term2/CarND-MPC-Project-master/ide_profiles/xcode";
				USE_HEADERMAP = NO;
				WARNING_CFLAGS = ("-Wmost","-Wno-four-char-constants","-Wno-unknown-pragmas","$(inherited)");
			};
			name = RelWithDebInfo;
		};
		9C9C271EAF8A4AB89E8E6980 /* MinSizeRel */ = {
			isa = XCBuildConfiguration;
			buildSettings = {
				MACOSX_DEPLOYMENT_TARGET = 10.13;
				ONLY_ACTIVE_ARCH = YES;
				SDKROOT = /Applications/Xcode.app/Contents/Developer/Platforms/MacOSX.platform/Developer/SDKs/MacOSX10.14.sdk;
				SYMROOT = "/Users/nikhilkharwandikar/Self Driving Car Codebase/term2/CarND-MPC-Project-master/ide_profiles/xcode/build";
			};
			name = MinSizeRel;
		};
		A218E42A9BE5425DA2A6A0C0 /* Debug */ = {
			isa = XCBuildConfiguration;
			buildSettings = {
				COMBINE_HIDPI_IMAGES = YES;
				GCC_GENERATE_DEBUGGING_SYMBOLS = YES;
				GCC_INLINES_ARE_PRIVATE_EXTERN = NO;
				GCC_OPTIMIZATION_LEVEL = 0;
				GCC_PREPROCESSOR_DEFINITIONS = ("'CMAKE_INTDIR=\"$(CONFIGURATION)$(EFFECTIVE_PLATFORM_NAME)\"'");
				GCC_SYMBOLS_PRIVATE_EXTERN = NO;
				INSTALL_PATH = "";
				OTHER_LDFLAGS = " ";
				OTHER_REZFLAGS = "";
				PRODUCT_NAME = ZERO_CHECK;
				SECTORDER_FLAGS = "";
				SYMROOT = "/Users/nikhilkharwandikar/Self Driving Car Codebase/term2/CarND-MPC-Project-master/ide_profiles/xcode";
				USE_HEADERMAP = NO;
				WARNING_CFLAGS = ("-Wmost","-Wno-four-char-constants","-Wno-unknown-pragmas","$(inherited)");
			};
			name = Debug;
		};
		A61FB596E1EA4B288AAA00B4 /* Debug */ = {
			isa = XCBuildConfiguration;
			buildSettings = {
				COMBINE_HIDPI_IMAGES = YES;
				EXECUTABLE_PREFIX = "";
				EXECUTABLE_SUFFIX = "";
				GCC_GENERATE_DEBUGGING_SYMBOLS = YES;
				GCC_INLINES_ARE_PRIVATE_EXTERN = NO;
				GCC_OPTIMIZATION_LEVEL = 0;
				GCC_PREPROCESSOR_DEFINITIONS = ("'CMAKE_INTDIR=\"$(CONFIGURATION)$(EFFECTIVE_PLATFORM_NAME)\"'");
				GCC_SYMBOLS_PRIVATE_EXTERN = NO;
				HEADER_SEARCH_PATHS = (/usr/local/include,"\"/Users/nikhilkharwandikar/Self Driving Car Codebase/term2/CarND-MPC-Project-master/src/Eigen-3.3\"",/usr/local/opt/openssl/include);
				INSTALL_PATH = "";
				LD_RUNPATH_SEARCH_PATHS = "/usr/local/lib /usr/local/opt/openssl/lib /usr/local/Cellar/libuv/1*/lib";
				LIBRARY_SEARCH_PATHS = " /usr/local/lib/$(CONFIGURATION)$(EFFECTIVE_PLATFORM_NAME) /usr/local/lib /usr/local/opt/openssl/lib/$(CONFIGURATION)$(EFFECTIVE_PLATFORM_NAME) /usr/local/opt/openssl/lib /usr/local/Cellar/libuv/1*/lib/$(CONFIGURATION)$(EFFECTIVE_PLATFORM_NAME) /usr/local/Cellar/libuv/1*/lib";
				OTHER_CPLUSPLUSFLAGS = "-Wall      -std=c++11 -O3";
				OTHER_LDFLAGS = " -Wl,-search_paths_first -Wl,-headerpad_max_install_names  -lipopt -lz -lssl -luv -luWS";
				OTHER_REZFLAGS = "";
				PRODUCT_NAME = mpc;
				SECTORDER_FLAGS = "";
				SYMROOT = "/Users/nikhilkharwandikar/Self Driving Car Codebase/term2/CarND-MPC-Project-master/ide_profiles/xcode";
				USE_HEADERMAP = NO;
				WARNING_CFLAGS = ("-Wmost","-Wno-four-char-constants","-Wno-unknown-pragmas","$(inherited)");
			};
			name = Debug;
		};
		AF9E221E36164322A40E33FC /* MinSizeRel */ = {
			isa = XCBuildConfiguration;
			buildSettings = {
				COMBINE_HIDPI_IMAGES = YES;
				EXECUTABLE_PREFIX = "";
				EXECUTABLE_SUFFIX = "";
				GCC_GENERATE_DEBUGGING_SYMBOLS = NO;
				GCC_INLINES_ARE_PRIVATE_EXTERN = NO;
				GCC_OPTIMIZATION_LEVEL = s;
				GCC_PREPROCESSOR_DEFINITIONS = ("'CMAKE_INTDIR=\"$(CONFIGURATION)$(EFFECTIVE_PLATFORM_NAME)\"'");
				GCC_SYMBOLS_PRIVATE_EXTERN = NO;
				HEADER_SEARCH_PATHS = (/usr/local/include,"\"/Users/nikhilkharwandikar/Self Driving Car Codebase/term2/CarND-MPC-Project-master/src/Eigen-3.3\"",/usr/local/opt/openssl/include);
				INSTALL_PATH = "";
				LD_RUNPATH_SEARCH_PATHS = "/usr/local/lib /usr/local/opt/openssl/lib /usr/local/Cellar/libuv/1*/lib";
				LIBRARY_SEARCH_PATHS = " /usr/local/lib/$(CONFIGURATION)$(EFFECTIVE_PLATFORM_NAME) /usr/local/lib /usr/local/opt/openssl/lib/$(CONFIGURATION)$(EFFECTIVE_PLATFORM_NAME) /usr/local/opt/openssl/lib /usr/local/Cellar/libuv/1*/lib/$(CONFIGURATION)$(EFFECTIVE_PLATFORM_NAME) /usr/local/Cellar/libuv/1*/lib";
				OTHER_CPLUSPLUSFLAGS = "-Wall     -DNDEBUG   -std=c++11 -O3";
				OTHER_LDFLAGS = " -Wl,-search_paths_first -Wl,-headerpad_max_install_names  -lipopt -lz -lssl -luv -luWS";
				OTHER_REZFLAGS = "";
				PRODUCT_NAME = mpc;
				SECTORDER_FLAGS = "";
				SYMROOT = "/Users/nikhilkharwandikar/Self Driving Car Codebase/term2/CarND-MPC-Project-master/ide_profiles/xcode";
				USE_HEADERMAP = NO;
				WARNING_CFLAGS = ("-Wmost","-Wno-four-char-constants","-Wno-unknown-pragmas","$(inherited)");
			};
			name = MinSizeRel;
		};
		C7DD389B6ED54F93923EF314 /* RelWithDebInfo */ = {
			isa = XCBuildConfiguration;
			buildSettings = {
				COMBINE_HIDPI_IMAGES = YES;
				GCC_GENERATE_DEBUGGING_SYMBOLS = YES;
				GCC_INLINES_ARE_PRIVATE_EXTERN = NO;
				GCC_OPTIMIZATION_LEVEL = 0;
				GCC_PREPROCESSOR_DEFINITIONS = ("'CMAKE_INTDIR=\"$(CONFIGURATION)$(EFFECTIVE_PLATFORM_NAME)\"'");
				GCC_SYMBOLS_PRIVATE_EXTERN = NO;
				INSTALL_PATH = "";
				OTHER_LDFLAGS = " ";
				OTHER_REZFLAGS = "";
				PRODUCT_NAME = ZERO_CHECK;
				SECTORDER_FLAGS = "";
				SYMROOT = "/Users/nikhilkharwandikar/Self Driving Car Codebase/term2/CarND-MPC-Project-master/ide_profiles/xcode";
				USE_HEADERMAP = NO;
				WARNING_CFLAGS = ("-Wmost","-Wno-four-char-constants","-Wno-unknown-pragmas","$(inherited)");
			};
			name = RelWithDebInfo;
		};
		D78D72ED695C4F0BA4497F8B /* Release */ = {
			isa = XCBuildConfiguration;
			buildSettings = {
				COMBINE_HIDPI_IMAGES = YES;
				EXECUTABLE_PREFIX = "";
				EXECUTABLE_SUFFIX = "";
				GCC_GENERATE_DEBUGGING_SYMBOLS = NO;
				GCC_INLINES_ARE_PRIVATE_EXTERN = NO;
				GCC_OPTIMIZATION_LEVEL = 3;
				GCC_PREPROCESSOR_DEFINITIONS = ("'CMAKE_INTDIR=\"$(CONFIGURATION)$(EFFECTIVE_PLATFORM_NAME)\"'");
				GCC_SYMBOLS_PRIVATE_EXTERN = NO;
				HEADER_SEARCH_PATHS = (/usr/local/include,"\"/Users/nikhilkharwandikar/Self Driving Car Codebase/term2/CarND-MPC-Project-master/src/Eigen-3.3\"",/usr/local/opt/openssl/include);
				INSTALL_PATH = "";
				LD_RUNPATH_SEARCH_PATHS = "/usr/local/lib /usr/local/opt/openssl/lib /usr/local/Cellar/libuv/1*/lib";
				LIBRARY_SEARCH_PATHS = " /usr/local/lib/$(CONFIGURATION)$(EFFECTIVE_PLATFORM_NAME) /usr/local/lib /usr/local/opt/openssl/lib/$(CONFIGURATION)$(EFFECTIVE_PLATFORM_NAME) /usr/local/opt/openssl/lib /usr/local/Cellar/libuv/1*/lib/$(CONFIGURATION)$(EFFECTIVE_PLATFORM_NAME) /usr/local/Cellar/libuv/1*/lib";
				OTHER_CPLUSPLUSFLAGS = "-Wall     -DNDEBUG   -std=c++11 -O3";
				OTHER_LDFLAGS = " -Wl,-search_paths_first -Wl,-headerpad_max_install_names  -lipopt -lz -lssl -luv -luWS";
				OTHER_REZFLAGS = "";
				PRODUCT_NAME = mpc;
				SECTORDER_FLAGS = "";
				SYMROOT = "/Users/nikhilkharwandikar/Self Driving Car Codebase/term2/CarND-MPC-Project-master/ide_profiles/xcode";
				USE_HEADERMAP = NO;
				WARNING_CFLAGS = ("-Wmost","-Wno-four-char-constants","-Wno-unknown-pragmas","$(inherited)");
			};
			name = Release;
		};
		E5EDC16DC5CC4596904382C8 /* Debug */ = {
			isa = XCBuildConfiguration;
			buildSettings = {
				COMBINE_HIDPI_IMAGES = YES;
				GCC_GENERATE_DEBUGGING_SYMBOLS = YES;
				GCC_INLINES_ARE_PRIVATE_EXTERN = NO;
				GCC_OPTIMIZATION_LEVEL = 0;
				GCC_PREPROCESSOR_DEFINITIONS = ("'CMAKE_INTDIR=\"$(CONFIGURATION)$(EFFECTIVE_PLATFORM_NAME)\"'");
				GCC_SYMBOLS_PRIVATE_EXTERN = NO;
				INSTALL_PATH = "";
				OTHER_LDFLAGS = " ";
				OTHER_REZFLAGS = "";
				PRODUCT_NAME = ALL_BUILD;
				SECTORDER_FLAGS = "";
				SYMROOT = "/Users/nikhilkharwandikar/Self Driving Car Codebase/term2/CarND-MPC-Project-master/ide_profiles/xcode";
				USE_HEADERMAP = NO;
				WARNING_CFLAGS = ("-Wmost","-Wno-four-char-constants","-Wno-unknown-pragmas","$(inherited)");
			};
			name = Debug;
		};
		E8B38E2423F5467FBB64C5A6 /* RelWithDebInfo */ = {
			isa = XCBuildConfiguration;
			buildSettings = {
				MACOSX_DEPLOYMENT_TARGET = 10.13;
				ONLY_ACTIVE_ARCH = YES;
				SDKROOT = /Applications/Xcode.app/Contents/Developer/Platforms/MacOSX.platform/Developer/SDKs/MacOSX10.14.sdk;
				SYMROOT = "/Users/nikhilkharwandikar/Self Driving Car Codebase/term2/CarND-MPC-Project-master/ide_profiles/xcode/build";
			};
			name = RelWithDebInfo;
		};
		F907464172404C96996047F5 /* Debug */ = {
			isa = XCBuildConfiguration;
			buildSettings = {
				MACOSX_DEPLOYMENT_TARGET = 10.13;
				ONLY_ACTIVE_ARCH = YES;
				SDKROOT = /Applications/Xcode.app/Contents/Developer/Platforms/MacOSX.platform/Developer/SDKs/MacOSX10.14.sdk;
				SYMROOT = "/Users/nikhilkharwandikar/Self Driving Car Codebase/term2/CarND-MPC-Project-master/ide_profiles/xcode/build";
			};
			name = Debug;
		};
		FB1A2F55776946B397770760 /* RelWithDebInfo */ = {
			isa = XCBuildConfiguration;
			buildSettings = {
				COMBINE_HIDPI_IMAGES = YES;
				GCC_GENERATE_DEBUGGING_SYMBOLS = YES;
				GCC_INLINES_ARE_PRIVATE_EXTERN = NO;
				GCC_OPTIMIZATION_LEVEL = 0;
				GCC_PREPROCESSOR_DEFINITIONS = ("'CMAKE_INTDIR=\"$(CONFIGURATION)$(EFFECTIVE_PLATFORM_NAME)\"'");
				GCC_SYMBOLS_PRIVATE_EXTERN = NO;
				INSTALL_PATH = "";
				OTHER_LDFLAGS = " ";
				OTHER_REZFLAGS = "";
				PRODUCT_NAME = ALL_BUILD;
				SECTORDER_FLAGS = "";
				SYMROOT = "/Users/nikhilkharwandikar/Self Driving Car Codebase/term2/CarND-MPC-Project-master/ide_profiles/xcode";
				USE_HEADERMAP = NO;
				WARNING_CFLAGS = ("-Wmost","-Wno-four-char-constants","-Wno-unknown-pragmas","$(inherited)");
			};
			name = RelWithDebInfo;
		};
/* End XCBuildConfiguration section */

/* Begin XCConfigurationList section */
		01504009488145A0B2ABFCDD /* Build configuration list for PBXAggregateTarget "ALL_BUILD" */ = {
			isa = XCConfigurationList;
			buildConfigurations = (
				E5EDC16DC5CC4596904382C8 /* Debug */,
				6B2E7B3EFE304C3F9978B4DF /* Release */,
				4CF7F57D9E5242948E4F5B7D /* MinSizeRel */,
				FB1A2F55776946B397770760 /* RelWithDebInfo */,
			);
			defaultConfigurationIsVisible = 0;
			defaultConfigurationName = Debug;
		};
		0206C6C392114E4492A19458 /* Build configuration list for PBXProject "MPC" */ = {
			isa = XCConfigurationList;
			buildConfigurations = (
				F907464172404C96996047F5 /* Debug */,
				3114243B1A7E4EECA1BA93B2 /* Release */,
				9C9C271EAF8A4AB89E8E6980 /* MinSizeRel */,
				E8B38E2423F5467FBB64C5A6 /* RelWithDebInfo */,
			);
			defaultConfigurationIsVisible = 0;
			defaultConfigurationName = Debug;
		};
		426A1CE2A7B04E1AA328795C /* Build configuration list for PBXNativeTarget "mpc" */ = {
			isa = XCConfigurationList;
			buildConfigurations = (
				A61FB596E1EA4B288AAA00B4 /* Debug */,
				D78D72ED695C4F0BA4497F8B /* Release */,
				AF9E221E36164322A40E33FC /* MinSizeRel */,
				844E50D9AC6B4CB4AB67AB6C /* RelWithDebInfo */,
			);
			defaultConfigurationIsVisible = 0;
			defaultConfigurationName = Debug;
		};
		6BB3979C44734CAC8B845775 /* Build configuration list for PBXAggregateTarget "ZERO_CHECK" */ = {
			isa = XCConfigurationList;
			buildConfigurations = (
				A218E42A9BE5425DA2A6A0C0 /* Debug */,
				30E8E817773A4AB69D111F03 /* Release */,
				4B6460EAE291490AB6FE0928 /* MinSizeRel */,
				C7DD389B6ED54F93923EF314 /* RelWithDebInfo */,
			);
			defaultConfigurationIsVisible = 0;
			defaultConfigurationName = Debug;
		};
/* End XCConfigurationList section */
	};
	rootObject = 9AF0B086744940C9B23FC098 /* Project object */;
}
